
Microsoft Visual Studio Solution File, Format Version 12.00
# Visual Studio Version 17
VisualStudioVersion = 17.0.31903.59
MinimumVisualStudioVersion = 10.0.40219.1
Project("{FAE04EC0-301F-11D3-BF4B-00C04F79EFBC}") = "MillaRemote.Relay", "src\MillaRemote.Relay\MillaRemote.Relay.csproj", "{11111111-1111-1111-1111-111111111111}"
EndProject
Project("{FAE04EC0-301F-11D3-BF4B-00C04F79EFBC}") = "MillaRemote.Client", "src\MillaRemote.Client\MillaRemote.Client.csproj", "{22222222-2222-2222-2222-222222222222}"
EndProject
Project("{FAE04EC0-301F-11D3-BF4B-00C04F79EFBC}") = "MillaRemote.Server", "src\MillaRemote.Server\MillaRemote.Server.csproj", "{33333333-3333-3333-3333-333333333333}"
EndProject
Project("{2150E333-8FDC-42A3-9474-1A3956D46DE8}") = "src", "src", "{827E0CD3-B72D-47B6-A68D-7590B98EB39B}"
EndProject
Project("{FAE04EC0-301F-11D3-BF4B-00C04F79EFBC}") = "MillaRemote.Core", "src\MillaRemote.Core\MillaRemote.Core.csproj", "{EE27330A-15CF-4205-A1A0-5C98F715D605}"
EndProject
Project("{FAE04EC0-301F-11D3-BF4B-00C04F79EFBC}") = "MillaRemote.CaptureProbe", "src\MillaRemote.CaptureProbe\MillaRemote.CaptureProbe.csproj", "{B020C113-89B1-4F02-A7B7-A5FA4A630594}"
EndProject
Project("{FAE04EC0-301F-11D3-BF4B-00C04F79EFBC}") = "MillaRemote.Viewer", "src\MillaRemote.Viewer\MillaRemote.Viewer.csproj", "{9AB669D6-70B7-4F21-B6D7-E11C3000954D}"
EndProject
Project("{FAE04EC0-301F-11D3-BF4B-00C04F79EFBC}") = "MillaRemote.Host", "src\MillaRemote.Host\MillaRemote.Host.csproj", "{5B4841DF-A192-45D6-9DD3-74D22182A23F}"
EndProject
Project("{FAE04EC0-301F-11D3-BF4B-00C04F79EFBC}") = "MillaRemote.Service", "src\MillaRemote.Service\MillaRemote.Service.csproj", "{18ED9759-3EE7-4975-BB8D-DDCDB19E0336}"
EndProject
Global
	GlobalSection(SolutionConfigurationPlatforms) = preSolution
		Debug|Any CPU = Debug|Any CPU
		Debug|x64 = Debug|x64
		Debug|x86 = Debug|x86
		Release|Any CPU = Release|Any CPU
		Release|x64 = Release|x64
		Release|x86 = Release|x86
	EndGlobalSection
	GlobalSection(ProjectConfigurationPlatforms) = postSolution
		{11111111-1111-1111-1111-111111111111}.Debug|Any CPU.ActiveCfg = Debug|Any CPU
		{11111111-1111-1111-1111-111111111111}.Debug|Any CPU.Build.0 = Debug|Any CPU
		{11111111-1111-1111-1111-111111111111}.Debug|x64.ActiveCfg = Debug|Any CPU
		{11111111-1111-1111-1111-111111111111}.Debug|x64.Build.0 = Debug|Any CPU
		{11111111-1111-1111-1111-111111111111}.Debug|x86.ActiveCfg = Debug|Any CPU
		{11111111-1111-1111-1111-111111111111}.Debug|x86.Build.0 = Debug|Any CPU
		{11111111-1111-1111-1111-111111111111}.Release|Any CPU.ActiveCfg = Release|Any CPU
		{11111111-1111-1111-1111-111111111111}.Release|Any CPU.Build.0 = Release|Any CPU
		{11111111-1111-1111-1111-111111111111}.Release|x64.ActiveCfg = Release|Any CPU
		{11111111-1111-1111-1111-111111111111}.Release|x64.Build.0 = Release|Any CPU
		{11111111-1111-1111-1111-111111111111}.Release|x86.ActiveCfg = Release|Any CPU
		{11111111-1111-1111-1111-111111111111}.Release|x86.Build.0 = Release|Any CPU
		{22222222-2222-2222-2222-222222222222}.Debug|Any CPU.ActiveCfg = Debug|Any CPU
		{22222222-2222-2222-2222-222222222222}.Debug|Any CPU.Build.0 = Debug|Any CPU
		{22222222-2222-2222-2222-222222222222}.Debug|x64.ActiveCfg = Debug|Any CPU
		{22222222-2222-2222-2222-222222222222}.Debug|x64.Build.0 = Debug|Any CPU
		{22222222-2222-2222-2222-222222222222}.Debug|x86.ActiveCfg = Debug|Any CPU
		{22222222-2222-2222-2222-222222222222}.Debug|x86.Build.0 = Debug|Any CPU
		{22222222-2222-2222-2222-222222222222}.Release|Any CPU.ActiveCfg = Release|Any CPU
		{22222222-2222-2222-2222-222222222222}.Release|Any CPU.Build.0 = Release|Any CPU
		{22222222-2222-2222-2222-222222222222}.Release|x64.ActiveCfg = Release|Any CPU
		{22222222-2222-2222-2222-222222222222}.Release|x64.Build.0 = Release|Any CPU
		{22222222-2222-2222-2222-222222222222}.Release|x86.ActiveCfg = Release|Any CPU
		{22222222-2222-2222-2222-222222222222}.Release|x86.Build.0 = Release|Any CPU
		{33333333-3333-3333-3333-333333333333}.Debug|Any CPU.ActiveCfg = Debug|Any CPU
		{33333333-3333-3333-3333-333333333333}.Debug|Any CPU.Build.0 = Debug|Any CPU
		{33333333-3333-3333-3333-333333333333}.Debug|x64.ActiveCfg = Debug|Any CPU
		{33333333-3333-3333-3333-333333333333}.Debug|x64.Build.0 = Debug|Any CPU
		{33333333-3333-3333-3333-333333333333}.Debug|x86.ActiveCfg = Debug|Any CPU
		{33333333-3333-3333-3333-333333333333}.Debug|x86.Build.0 = Debug|Any CPU
		{33333333-3333-3333-3333-333333333333}.Release|Any CPU.ActiveCfg = Release|Any CPU
		{33333333-3333-3333-3333-333333333333}.Release|Any CPU.Build.0 = Release|Any CPU
		{33333333-3333-3333-3333-333333333333}.Release|x64.ActiveCfg = Release|Any CPU
		{33333333-3333-3333-3333-333333333333}.Release|x64.Build.0 = Release|Any CPU
		{33333333-3333-3333-3333-333333333333}.Release|x86.ActiveCfg = Release|Any CPU
		{33333333-3333-3333-3333-333333333333}.Release|x86.Build.0 = Release|Any CPU
		{EE27330A-15CF-4205-A1A0-5C98F715D605}.Debug|Any CPU.ActiveCfg = Debug|Any CPU
		{EE27330A-15CF-4205-A1A0-5C98F715D605}.Debug|Any CPU.Build.0 = Debug|Any CPU
		{EE27330A-15CF-4205-A1A0-5C98F715D605}.Debug|x64.ActiveCfg = Debug|Any CPU
		{EE27330A-15CF-4205-A1A0-5C98F715D605}.Debug|x64.Build.0 = Debug|Any CPU
		{EE27330A-15CF-4205-A1A0-5C98F715D605}.Debug|x86.ActiveCfg = Debug|Any CPU
		{EE27330A-15CF-4205-A1A0-5C98F715D605}.Debug|x86.Build.0 = Debug|Any CPU
		{EE27330A-15CF-4205-A1A0-5C98F715D605}.Release|Any CPU.ActiveCfg = Release|Any CPU
		{EE27330A-15CF-4205-A1A0-5C98F715D605}.Release|Any CPU.Build.0 = Release|Any CPU
		{EE27330A-15CF-4205-A1A0-5C98F715D605}.Release|x64.ActiveCfg = Release|Any CPU
		{EE27330A-15CF-4205-A1A0-5C98F715D605}.Release|x64.Build.0 = Release|Any CPU
		{EE27330A-15CF-4205-A1A0-5C98F715D605}.Release|x86.ActiveCfg = Release|Any CPU
		{EE27330A-15CF-4205-A1A0-5C98F715D605}.Release|x86.Build.0 = Release|Any CPU
		{B020C113-89B1-4F02-A7B7-A5FA4A630594}.Debug|Any CPU.ActiveCfg = Debug|Any CPU
		{B020C113-89B1-4F02-A7B7-A5FA4A630594}.Debug|Any CPU.Build.0 = Debug|Any CPU
		{B020C113-89B1-4F02-A7B7-A5FA4A630594}.Debug|x64.ActiveCfg = Debug|Any CPU
		{B020C113-89B1-4F02-A7B7-A5FA4A630594}.Debug|x64.Build.0 = Debug|Any CPU
		{B020C113-89B1-4F02-A7B7-A5FA4A630594}.Debug|x86.ActiveCfg = Debug|Any CPU
		{B020C113-89B1-4F02-A7B7-A5FA4A630594}.Debug|x86.Build.0 = Debug|Any CPU
		{B020C113-89B1-4F02-A7B7-A5FA4A630594}.Release|Any CPU.ActiveCfg = Release|Any CPU
		{B020C113-89B1-4F02-A7B7-A5FA4A630594}.Release|Any CPU.Build.0 = Release|Any CPU
		{B020C113-89B1-4F02-A7B7-A5FA4A630594}.Release|x64.ActiveCfg = Release|Any CPU
		{B020C113-89B1-4F02-A7B7-A5FA4A630594}.Release|x64.Build.0 = Release|Any CPU
		{B020C113-89B1-4F02-A7B7-A5FA4A630594}.Release|x86.ActiveCfg = Release|Any CPU
		{B020C113-89B1-4F02-A7B7-A5FA4A630594}.Release|x86.Build.0 = Release|Any CPU
		{9AB669D6-70B7-4F21-B6D7-E11C3000954D}.Debug|Any CPU.ActiveCfg = Debug|Any CPU
		{9AB669D6-70B7-4F21-B6D7-E11C3000954D}.Debug|Any CPU.Build.0 = Debug|Any CPU
		{9AB669D6-70B7-4F21-B6D7-E11C3000954D}.Debug|x64.ActiveCfg = Debug|Any CPU
		{9AB669D6-70B7-4F21-B6D7-E11C3000954D}.Debug|x64.Build.0 = Debug|Any CPU
		{9AB669D6-70B7-4F21-B6D7-E11C3000954D}.Debug|x86.ActiveCfg = Debug|Any CPU
		{9AB669D6-70B7-4F21-B6D7-E11C3000954D}.Debug|x86.Build.0 = Debug|Any CPU
		{9AB669D6-70B7-4F21-B6D7-E11C3000954D}.Release|Any CPU.ActiveCfg = Release|Any CPU
		{9AB669D6-70B7-4F21-B6D7-E11C3000954D}.Release|Any CPU.Build.0 = Release|Any CPU
		{9AB669D6-70B7-4F21-B6D7-E11C3000954D}.Release|x64.ActiveCfg = Release|Any CPU
		{9AB669D6-70B7-4F21-B6D7-E11C3000954D}.Release|x64.Build.0 = Release|Any CPU
		{9AB669D6-70B7-4F21-B6D7-E11C3000954D}.Release|x86.ActiveCfg = Release|Any CPU
		{9AB669D6-70B7-4F21-B6D7-E11C3000954D}.Release|x86.Build.0 = Release|Any CPU
		{5B4841DF-A192-45D6-9DD3-74D22182A23F}.Debug|Any CPU.ActiveCfg = Debug|Any CPU
		{5B4841DF-A192-45D6-9DD3-74D22182A23F}.Debug|Any CPU.Build.0 = Debug|Any CPU
		{5B4841DF-A192-45D6-9DD3-74D22182A23F}.Debug|x64.ActiveCfg = Debug|Any CPU
		{5B4841DF-A192-45D6-9DD3-74D22182A23F}.Debug|x64.Build.0 = Debug|Any CPU
		{5B4841DF-A192-45D6-9DD3-74D22182A23F}.Debug|x86.ActiveCfg = Debug|Any CPU
		{5B4841DF-A192-45D6-9DD3-74D22182A23F}.Debug|x86.Build.0 = Debug|Any CPU
		{5B4841DF-A192-45D6-9DD3-74D22182A23F}.Release|Any CPU.ActiveCfg = Release|Any CPU
		{5B4841DF-A192-45D6-9DD3-74D22182A23F}.Release|Any CPU.Build.0 = Release|Any CPU
		{5B4841DF-A192-45D6-9DD3-74D22182A23F}.Release|x64.ActiveCfg = Release|Any CPU
		{5B4841DF-A192-45D6-9DD3-74D22182A23F}.Release|x64.Build.0 = Release|Any CPU
		{5B4841DF-A192-45D6-9DD3-74D22182A23F}.Release|x86.ActiveCfg = Release|Any CPU
		{5B4841DF-A192-45D6-9DD3-74D22182A23F}.Release|x86.Build.0 = Release|Any CPU
		{18ED9759-3EE7-4975-BB8D-DDCDB19E0336}.Debug|Any CPU.ActiveCfg = Debug|Any CPU
		{18ED9759-3EE7-4975-BB8D-DDCDB19E0336}.Debug|Any CPU.Build.0 = Debug|Any CPU
		{18ED9759-3EE7-4975-BB8D-DDCDB19E0336}.Debug|x64.ActiveCfg = Debug|Any CPU
		{18ED9759-3EE7-4975-BB8D-DDCDB19E0336}.Debug|x64.Build.0 = Debug|Any CPU
		{18ED9759-3EE7-4975-BB8D-DDCDB19E0336}.Debug|x86.ActiveCfg = Debug|Any CPU
		{18ED9759-3EE7-4975-BB8D-DDCDB19E0336}.Debug|x86.Build.0 = Debug|Any CPU
		{18ED9759-3EE7-4975-BB8D-DDCDB19E0336}.Release|Any CPU.ActiveCfg = Release|Any CPU
		{18ED9759-3EE7-4975-BB8D-DDCDB19E0336}.Release|Any CPU.Build.0 = Release|Any CPU
		{18ED9759-3EE7-4975-BB8D-DDCDB19E0336}.Release|x64.ActiveCfg = Release|Any CPU
		{18ED9759-3EE7-4975-BB8D-DDCDB19E0336}.Release|x64.Build.0 = Release|Any CPU
		{18ED9759-3EE7-4975-BB8D-DDCDB19E0336}.Release|x86.ActiveCfg = Release|Any CPU
		{18ED9759-3EE7-4975-BB8D-DDCDB19E0336}.Release|x86.Build.0 = Release|Any CPU
	EndGlobalSection
	GlobalSection(SolutionProperties) = preSolution
		HideSolutionNode = FALSE
	EndGlobalSection
	GlobalSection(NestedProjects) = preSolution
		{EE27330A-15CF-4205-A1A0-5C98F715D605} = {827E0CD3-B72D-47B6-A68D-7590B98EB39B}
		{B020C113-89B1-4F02-A7B7-A5FA4A630594} = {827E0CD3-B72D-47B6-A68D-7590B98EB39B}
		{9AB669D6-70B7-4F21-B6D7-E11C3000954D} = {827E0CD3-B72D-47B6-A68D-7590B98EB39B}
		{5B4841DF-A192-45D6-9DD3-74D22182A23F} = {827E0CD3-B72D-47B6-A68D-7590B98EB39B}
		{18ED9759-3EE7-4975-BB8D-DDCDB19E0336} = {827E0CD3-B72D-47B6-A68D-7590B98EB39B}
	EndGlobalSection
EndGlobal
